// !$*UTF8*$!
{
	archiveVersion = 1;
	classes = {
	};
	objectVersion = 55;
	objects = {

/* Begin PBXBuildFile section */
		430C9AC42899BF8700BF5A8B /* PomadoroViewController.swift in Sources */ = {isa = PBXBuildFile; fileRef = 430C9AC32899BF8700BF5A8B /* PomadoroViewController.swift */; };
		43A0B3342886FEED00C49695 /* SecondButtonLogic.swift in Sources */ = {isa = PBXBuildFile; fileRef = 43A0B3332886FEED00C49695 /* SecondButtonLogic.swift */; };
		43A0B3362887FE5E00C49695 /* ThirdButtonLogic.swift in Sources */ = {isa = PBXBuildFile; fileRef = 43A0B3352887FE5E00C49695 /* ThirdButtonLogic.swift */; };
		43A0B3382887FE6A00C49695 /* FourButtonLogic.swift in Sources */ = {isa = PBXBuildFile; fileRef = 43A0B3372887FE6A00C49695 /* FourButtonLogic.swift */; };
		43A184B12889C2DF00BAD964 /* SettingsViewController.swift in Sources */ = {isa = PBXBuildFile; fileRef = 43A184B02889C2DF00BAD964 /* SettingsViewController.swift */; };
		43A184B32889D71200BAD964 /* SettingsTableViewCell.swift in Sources */ = {isa = PBXBuildFile; fileRef = 43A184B22889D71200BAD964 /* SettingsTableViewCell.swift */; };
		43BB9776288ACA48006E6159 /* SwitchTableViewCell.swift in Sources */ = {isa = PBXBuildFile; fileRef = 43BB9775288ACA48006E6159 /* SwitchTableViewCell.swift */; };
		43BB9778288C0997006E6159 /* TotalViewController.swift in Sources */ = {isa = PBXBuildFile; fileRef = 43BB9777288C0997006E6159 /* TotalViewController.swift */; };
		43BB977A288C0A02006E6159 /* TotalTableViewCell.swift in Sources */ = {isa = PBXBuildFile; fileRef = 43BB9779288C0A02006E6159 /* TotalTableViewCell.swift */; };
		43C590C02880196C00580253 /* TaskAction.swift in Sources */ = {isa = PBXBuildFile; fileRef = 43C590BF2880196C00580253 /* TaskAction.swift */; };
		43C815C328860577004B37C4 /* FirstButtonLogic.swift in Sources */ = {isa = PBXBuildFile; fileRef = 43C815C228860577004B37C4 /* FirstButtonLogic.swift */; };
		43D09753288F24DC006D7390 /* PomadoroViewController.swift in Sources */ = {isa = PBXBuildFile; fileRef = 43D09752288F24DC006D7390 /* PomadoroViewController.swift */; };
		43FE56BE287D7B680002BB51 /* AppDelegate.swift in Sources */ = {isa = PBXBuildFile; fileRef = 43FE56BD287D7B680002BB51 /* AppDelegate.swift */; };
		43FE56C0287D7B680002BB51 /* SceneDelegate.swift in Sources */ = {isa = PBXBuildFile; fileRef = 43FE56BF287D7B680002BB51 /* SceneDelegate.swift */; };
		43FE56C2287D7B680002BB51 /* ViewController.swift in Sources */ = {isa = PBXBuildFile; fileRef = 43FE56C1287D7B680002BB51 /* ViewController.swift */; };
		43FE56C5287D7B680002BB51 /* Main.storyboard in Resources */ = {isa = PBXBuildFile; fileRef = 43FE56C3287D7B680002BB51 /* Main.storyboard */; };
		43FE56C7287D7B6A0002BB51 /* Assets.xcassets in Resources */ = {isa = PBXBuildFile; fileRef = 43FE56C6287D7B6A0002BB51 /* Assets.xcassets */; };
		43FE56CA287D7B6A0002BB51 /* LaunchScreen.storyboard in Resources */ = {isa = PBXBuildFile; fileRef = 43FE56C8287D7B6A0002BB51 /* LaunchScreen.storyboard */; };
		43FE56D5287D8A7E0002BB51 /* TimerModel.swift in Sources */ = {isa = PBXBuildFile; fileRef = 43FE56D4287D8A7E0002BB51 /* TimerModel.swift */; };
		B462C29691ECC08A72B7932E /* Pods_Four_Task.framework in Frameworks */ = {isa = PBXBuildFile; fileRef = 9F2FC42A926BF3BEAB723742 /* Pods_Four_Task.framework */; };
/* End PBXBuildFile section */

/* Begin PBXFileReference section */
		430C9AC32899BF8700BF5A8B /* PomadoroViewController.swift */ = {isa = PBXFileReference; lastKnownFileType = sourcecode.swift; name = PomadoroViewController.swift; path = "/Users/ilyavasilev/Documents/GitHub/Four Task/Four Task/Controllers/PomadoroViewController.swift"; sourceTree = "<absolute>"; };
		43A0B3332886FEED00C49695 /* SecondButtonLogic.swift */ = {isa = PBXFileReference; lastKnownFileType = sourcecode.swift; path = SecondButtonLogic.swift; sourceTree = "<group>"; };
		43A0B3352887FE5E00C49695 /* ThirdButtonLogic.swift */ = {isa = PBXFileReference; lastKnownFileType = sourcecode.swift; path = ThirdButtonLogic.swift; sourceTree = "<group>"; };
		43A0B3372887FE6A00C49695 /* FourButtonLogic.swift */ = {isa = PBXFileReference; lastKnownFileType = sourcecode.swift; path = FourButtonLogic.swift; sourceTree = "<group>"; };
		43A184B02889C2DF00BAD964 /* SettingsViewController.swift */ = {isa = PBXFileReference; lastKnownFileType = sourcecode.swift; path = SettingsViewController.swift; sourceTree = "<group>"; };
		43A184B22889D71200BAD964 /* SettingsTableViewCell.swift */ = {isa = PBXFileReference; lastKnownFileType = sourcecode.swift; path = SettingsTableViewCell.swift; sourceTree = "<group>"; };
		43BB9775288ACA48006E6159 /* SwitchTableViewCell.swift */ = {isa = PBXFileReference; lastKnownFileType = sourcecode.swift; path = SwitchTableViewCell.swift; sourceTree = "<group>"; };
		43BB9777288C0997006E6159 /* TotalViewController.swift */ = {isa = PBXFileReference; lastKnownFileType = sourcecode.swift; path = TotalViewController.swift; sourceTree = "<group>"; };
		43BB9779288C0A02006E6159 /* TotalTableViewCell.swift */ = {isa = PBXFileReference; lastKnownFileType = sourcecode.swift; path = TotalTableViewCell.swift; sourceTree = "<group>"; };
		43C590BF2880196C00580253 /* TaskAction.swift */ = {isa = PBXFileReference; lastKnownFileType = sourcecode.swift; path = TaskAction.swift; sourceTree = "<group>"; };
		43C815C228860577004B37C4 /* FirstButtonLogic.swift */ = {isa = PBXFileReference; lastKnownFileType = sourcecode.swift; path = FirstButtonLogic.swift; sourceTree = "<group>"; };
		43D09752288F24DC006D7390 /* PomadoroViewController.swift */ = {isa = PBXFileReference; lastKnownFileType = sourcecode.swift; name = PomadoroViewController.swift; path = "/Users/ilyavasilev/Documents/GitHub/Four Task/Four Task/Controllers/PomadoroViewController.swift"; sourceTree = "<absolute>"; };
		43FE56BA287D7B680002BB51 /* Four Task.app */ = {isa = PBXFileReference; explicitFileType = wrapper.application; includeInIndex = 0; path = "Four Task.app"; sourceTree = BUILT_PRODUCTS_DIR; };
		43FE56BD287D7B680002BB51 /* AppDelegate.swift */ = {isa = PBXFileReference; lastKnownFileType = sourcecode.swift; path = AppDelegate.swift; sourceTree = "<group>"; };
		43FE56BF287D7B680002BB51 /* SceneDelegate.swift */ = {isa = PBXFileReference; lastKnownFileType = sourcecode.swift; path = SceneDelegate.swift; sourceTree = "<group>"; };
		43FE56C1287D7B680002BB51 /* ViewController.swift */ = {isa = PBXFileReference; lastKnownFileType = sourcecode.swift; path = ViewController.swift; sourceTree = "<group>"; };
		43FE56C4287D7B680002BB51 /* Base */ = {isa = PBXFileReference; lastKnownFileType = file.storyboard; name = Base; path = Base.lproj/Main.storyboard; sourceTree = "<group>"; };
		43FE56C6287D7B6A0002BB51 /* Assets.xcassets */ = {isa = PBXFileReference; lastKnownFileType = folder.assetcatalog; path = Assets.xcassets; sourceTree = "<group>"; };
		43FE56C9287D7B6A0002BB51 /* Base */ = {isa = PBXFileReference; lastKnownFileType = file.storyboard; name = Base; path = Base.lproj/LaunchScreen.storyboard; sourceTree = "<group>"; };
		43FE56CB287D7B6A0002BB51 /* Info.plist */ = {isa = PBXFileReference; lastKnownFileType = text.plist.xml; path = Info.plist; sourceTree = "<group>"; };
		43FE56D4287D8A7E0002BB51 /* TimerModel.swift */ = {isa = PBXFileReference; lastKnownFileType = sourcecode.swift; path = TimerModel.swift; sourceTree = "<group>"; };
		62B42ABE59963ED60577BFFE /* Pods-Four Task.release.xcconfig */ = {isa = PBXFileReference; includeInIndex = 1; lastKnownFileType = text.xcconfig; name = "Pods-Four Task.release.xcconfig"; path = "Target Support Files/Pods-Four Task/Pods-Four Task.release.xcconfig"; sourceTree = "<group>"; };
		76D49CF4C1272468405F0CBC /* Pods-Four Task.debug.xcconfig */ = {isa = PBXFileReference; includeInIndex = 1; lastKnownFileType = text.xcconfig; name = "Pods-Four Task.debug.xcconfig"; path = "Target Support Files/Pods-Four Task/Pods-Four Task.debug.xcconfig"; sourceTree = "<group>"; };
		9F2FC42A926BF3BEAB723742 /* Pods_Four_Task.framework */ = {isa = PBXFileReference; explicitFileType = wrapper.framework; includeInIndex = 0; path = Pods_Four_Task.framework; sourceTree = BUILT_PRODUCTS_DIR; };
/* End PBXFileReference section */

/* Begin PBXFrameworksBuildPhase section */
		43FE56B7287D7B680002BB51 /* Frameworks */ = {
			isa = PBXFrameworksBuildPhase;
			buildActionMask = 2147483647;
			files = (
				B462C29691ECC08A72B7932E /* Pods_Four_Task.framework in Frameworks */,
			);
			runOnlyForDeploymentPostprocessing = 0;
		};
/* End PBXFrameworksBuildPhase section */

/* Begin PBXGroup section */
		439FCAF3753081288F422E2D /* Frameworks */ = {
			isa = PBXGroup;
			children = (
				9F2FC42A926BF3BEAB723742 /* Pods_Four_Task.framework */,
			);
			name = Frameworks;
			sourceTree = "<group>";
		};
		43BB9772288ACA06006E6159 /* Settings */ = {
			isa = PBXGroup;
			children = (
				43BB9779288C0A02006E6159 /* TotalTableViewCell.swift */,
				43A184B22889D71200BAD964 /* SettingsTableViewCell.swift */,
				43BB9775288ACA48006E6159 /* SwitchTableViewCell.swift */,
			);
			path = Settings;
			sourceTree = "<group>";
		};
		43BF6C46287EF27F005A5FBB /* Model */ = {
			isa = PBXGroup;
			children = (
				43FE56D4287D8A7E0002BB51 /* TimerModel.swift */,
				43C590BF2880196C00580253 /* TaskAction.swift */,
				43C815C228860577004B37C4 /* FirstButtonLogic.swift */,
				43A0B3332886FEED00C49695 /* SecondButtonLogic.swift */,
				43A0B3352887FE5E00C49695 /* ThirdButtonLogic.swift */,
				43A0B3372887FE6A00C49695 /* FourButtonLogic.swift */,
			);
			path = Model;
			sourceTree = "<group>";
		};
		43FE56B1287D7B680002BB51 = {
			isa = PBXGroup;
			children = (
				43FE56BC287D7B680002BB51 /* Four Task */,
				43FE56D2287D7B860002BB51 /* SupportFiles */,
				43FE56BB287D7B680002BB51 /* Products */,
				E94813624ED87F1E426A0C06 /* Pods */,
				439FCAF3753081288F422E2D /* Frameworks */,
			);
			sourceTree = "<group>";
		};
		43FE56BB287D7B680002BB51 /* Products */ = {
			isa = PBXGroup;
			children = (
				43FE56BA287D7B680002BB51 /* Four Task.app */,
			);
			name = Products;
			sourceTree = "<group>";
		};
		43FE56BC287D7B680002BB51 /* Four Task */ = {
			isa = PBXGroup;
			children = (
				43BF6C46287EF27F005A5FBB /* Model */,
				43FE56D1287D7B790002BB51 /* Controllers */,
				43FE56D3287D7B930002BB51 /* View */,
				43FE56C6287D7B6A0002BB51 /* Assets.xcassets */,
				43FE56CB287D7B6A0002BB51 /* Info.plist */,
			);
			path = "Four Task";
			sourceTree = "<group>";
		};
		43FE56D1287D7B790002BB51 /* Controllers */ = {
			isa = PBXGroup;
			children = (
				43FE56C1287D7B680002BB51 /* ViewController.swift */,
				43A184B02889C2DF00BAD964 /* SettingsViewController.swift */,
				43D09752288F24DC006D7390 /* PomadoroViewController.swift */,
				430C9AC32899BF8700BF5A8B /* PomadoroViewController.swift */,
				43BB9777288C0997006E6159 /* TotalViewController.swift */,
				43BB9772288ACA06006E6159 /* Settings */,
			);
			path = Controllers;
			sourceTree = "<group>";
		};
		43FE56D2287D7B860002BB51 /* SupportFiles */ = {
			isa = PBXGroup;
			children = (
				43FE56BD287D7B680002BB51 /* AppDelegate.swift */,
				43FE56BF287D7B680002BB51 /* SceneDelegate.swift */,
			);
			path = SupportFiles;
			sourceTree = "<group>";
		};
		43FE56D3287D7B930002BB51 /* View */ = {
			isa = PBXGroup;
			children = (
				43FE56C3287D7B680002BB51 /* Main.storyboard */,
				43FE56C8287D7B6A0002BB51 /* LaunchScreen.storyboard */,
			);
			path = View;
			sourceTree = "<group>";
		};
		E94813624ED87F1E426A0C06 /* Pods */ = {
			isa = PBXGroup;
			children = (
				76D49CF4C1272468405F0CBC /* Pods-Four Task.debug.xcconfig */,
				62B42ABE59963ED60577BFFE /* Pods-Four Task.release.xcconfig */,
			);
			path = Pods;
			sourceTree = "<group>";
		};
/* End PBXGroup section */

/* Begin PBXNativeTarget section */
		43FE56B9287D7B680002BB51 /* Four Task */ = {
			isa = PBXNativeTarget;
			buildConfigurationList = 43FE56CE287D7B6A0002BB51 /* Build configuration list for PBXNativeTarget "Four Task" */;
			buildPhases = (
				2D0BEFA77BD77A06ABB18ACF /* [CP] Check Pods Manifest.lock */,
				43FE56B6287D7B680002BB51 /* Sources */,
				43FE56B7287D7B680002BB51 /* Frameworks */,
				43FE56B8287D7B680002BB51 /* Resources */,
				1E03AA5AEBD4199186D8EF3D /* [CP] Embed Pods Frameworks */,
			);
			buildRules = (
			);
			dependencies = (
			);
			name = "Four Task";
			productName = "Four Task";
			productReference = 43FE56BA287D7B680002BB51 /* Four Task.app */;
			productType = "com.apple.product-type.application";
		};
/* End PBXNativeTarget section */

/* Begin PBXProject section */
		43FE56B2287D7B680002BB51 /* Project object */ = {
			isa = PBXProject;
			attributes = {
				BuildIndependentTargetsInParallel = 1;
				KnownAssetTags = (
					New,
				);
				LastSwiftUpdateCheck = 1340;
				LastUpgradeCheck = 1340;
				TargetAttributes = {
					43FE56B9287D7B680002BB51 = {
						CreatedOnToolsVersion = 13.4;
					};
				};
			};
			buildConfigurationList = 43FE56B5287D7B680002BB51 /* Build configuration list for PBXProject "Four Task" */;
			compatibilityVersion = "Xcode 13.0";
			developmentRegion = en;
			hasScannedForEncodings = 0;
			knownRegions = (
				en,
				Base,
			);
			mainGroup = 43FE56B1287D7B680002BB51;
			productRefGroup = 43FE56BB287D7B680002BB51 /* Products */;
			projectDirPath = "";
			projectRoot = "";
			targets = (
				43FE56B9287D7B680002BB51 /* Four Task */,
			);
		};
/* End PBXProject section */

/* Begin PBXResourcesBuildPhase section */
		43FE56B8287D7B680002BB51 /* Resources */ = {
			isa = PBXResourcesBuildPhase;
			buildActionMask = 2147483647;
			files = (
				43FE56CA287D7B6A0002BB51 /* LaunchScreen.storyboard in Resources */,
				43FE56C7287D7B6A0002BB51 /* Assets.xcassets in Resources */,
				43FE56C5287D7B680002BB51 /* Main.storyboard in Resources */,
			);
			runOnlyForDeploymentPostprocessing = 0;
		};
/* End PBXResourcesBuildPhase section */

/* Begin PBXShellScriptBuildPhase section */
		1E03AA5AEBD4199186D8EF3D /* [CP] Embed Pods Frameworks */ = {
			isa = PBXShellScriptBuildPhase;
			buildActionMask = 2147483647;
			files = (
			);
			inputFileListPaths = (
				"${PODS_ROOT}/Target Support Files/Pods-Four Task/Pods-Four Task-frameworks-${CONFIGURATION}-input-files.xcfilelist",
			);
			name = "[CP] Embed Pods Frameworks";
			outputFileListPaths = (
				"${PODS_ROOT}/Target Support Files/Pods-Four Task/Pods-Four Task-frameworks-${CONFIGURATION}-output-files.xcfilelist",
			);
			runOnlyForDeploymentPostprocessing = 0;
			shellPath = /bin/sh;
			shellScript = "\"${PODS_ROOT}/Target Support Files/Pods-Four Task/Pods-Four Task-frameworks.sh\"\n";
			showEnvVarsInLog = 0;
		};
		2D0BEFA77BD77A06ABB18ACF /* [CP] Check Pods Manifest.lock */ = {
			isa = PBXShellScriptBuildPhase;
			buildActionMask = 2147483647;
			files = (
			);
			inputFileListPaths = (
			);
			inputPaths = (
				"${PODS_PODFILE_DIR_PATH}/Podfile.lock",
				"${PODS_ROOT}/Manifest.lock",
			);
			name = "[CP] Check Pods Manifest.lock";
			outputFileListPaths = (
			);
			outputPaths = (
				"$(DERIVED_FILE_DIR)/Pods-Four Task-checkManifestLockResult.txt",
			);
			runOnlyForDeploymentPostprocessing = 0;
			shellPath = /bin/sh;
			shellScript = "diff \"${PODS_PODFILE_DIR_PATH}/Podfile.lock\" \"${PODS_ROOT}/Manifest.lock\" > /dev/null\nif [ $? != 0 ] ; then\n    # print error to STDERR\n    echo \"error: The sandbox is not in sync with the Podfile.lock. Run 'pod install' or update your CocoaPods installation.\" >&2\n    exit 1\nfi\n# This output is used by Xcode 'outputs' to avoid re-running this script phase.\necho \"SUCCESS\" > \"${SCRIPT_OUTPUT_FILE_0}\"\n";
			showEnvVarsInLog = 0;
		};
/* End PBXShellScriptBuildPhase section */

/* Begin PBXSourcesBuildPhase section */
		43FE56B6287D7B680002BB51 /* Sources */ = {
			isa = PBXSourcesBuildPhase;
			buildActionMask = 2147483647;
			files = (
				43A0B3382887FE6A00C49695 /* FourButtonLogic.swift in Sources */,
				43FE56C2287D7B680002BB51 /* ViewController.swift in Sources */,
				43C815C328860577004B37C4 /* FirstButtonLogic.swift in Sources */,
				43BB9778288C0997006E6159 /* TotalViewController.swift in Sources */,
				43A184B12889C2DF00BAD964 /* SettingsViewController.swift in Sources */,
				43C590C02880196C00580253 /* TaskAction.swift in Sources */,
				43BB9776288ACA48006E6159 /* SwitchTableViewCell.swift in Sources */,
				430C9AC42899BF8700BF5A8B /* PomadoroViewController.swift in Sources */,
				43FE56D5287D8A7E0002BB51 /* TimerModel.swift in Sources */,
				43A184B32889D71200BAD964 /* SettingsTableViewCell.swift in Sources */,
				43FE56BE287D7B680002BB51 /* AppDelegate.swift in Sources */,
				43BB977A288C0A02006E6159 /* TotalTableViewCell.swift in Sources */,
				43FE56C0287D7B680002BB51 /* SceneDelegate.swift in Sources */,
				43D09753288F24DC006D7390 /* PomadoroViewController.swift in Sources */,
				43A0B3362887FE5E00C49695 /* ThirdButtonLogic.swift in Sources */,
				43A0B3342886FEED00C49695 /* SecondButtonLogic.swift in Sources */,
			);
			runOnlyForDeploymentPostprocessing = 0;
		};
/* End PBXSourcesBuildPhase section */

/* Begin PBXVariantGroup section */
		43FE56C3287D7B680002BB51 /* Main.storyboard */ = {
			isa = PBXVariantGroup;
			children = (
				43FE56C4287D7B680002BB51 /* Base */,
			);
			name = Main.storyboard;
			sourceTree = "<group>";
		};
		43FE56C8287D7B6A0002BB51 /* LaunchScreen.storyboard */ = {
			isa = PBXVariantGroup;
			children = (
				43FE56C9287D7B6A0002BB51 /* Base */,
			);
			name = LaunchScreen.storyboard;
			sourceTree = "<group>";
		};
/* End PBXVariantGroup section */

/* Begin XCBuildConfiguration section */
		43FE56CC287D7B6A0002BB51 /* Debug */ = {
			isa = XCBuildConfiguration;
			buildSettings = {
				ALWAYS_SEARCH_USER_PATHS = NO;
				CLANG_ANALYZER_NONNULL = YES;
				CLANG_ANALYZER_NUMBER_OBJECT_CONVERSION = YES_AGGRESSIVE;
				CLANG_CXX_LANGUAGE_STANDARD = "gnu++17";
				CLANG_ENABLE_MODULES = YES;
				CLANG_ENABLE_OBJC_ARC = YES;
				CLANG_ENABLE_OBJC_WEAK = YES;
				CLANG_WARN_BLOCK_CAPTURE_AUTORELEASING = YES;
				CLANG_WARN_BOOL_CONVERSION = YES;
				CLANG_WARN_COMMA = YES;
				CLANG_WARN_CONSTANT_CONVERSION = YES;
				CLANG_WARN_DEPRECATED_OBJC_IMPLEMENTATIONS = YES;
				CLANG_WARN_DIRECT_OBJC_ISA_USAGE = YES_ERROR;
				CLANG_WARN_DOCUMENTATION_COMMENTS = YES;
				CLANG_WARN_EMPTY_BODY = YES;
				CLANG_WARN_ENUM_CONVERSION = YES;
				CLANG_WARN_INFINITE_RECURSION = YES;
				CLANG_WARN_INT_CONVERSION = YES;
				CLANG_WARN_NON_LITERAL_NULL_CONVERSION = YES;
				CLANG_WARN_OBJC_IMPLICIT_RETAIN_SELF = YES;
				CLANG_WARN_OBJC_LITERAL_CONVERSION = YES;
				CLANG_WARN_OBJC_ROOT_CLASS = YES_ERROR;
				CLANG_WARN_QUOTED_INCLUDE_IN_FRAMEWORK_HEADER = YES;
				CLANG_WARN_RANGE_LOOP_ANALYSIS = YES;
				CLANG_WARN_STRICT_PROTOTYPES = YES;
				CLANG_WARN_SUSPICIOUS_MOVE = YES;
				CLANG_WARN_UNGUARDED_AVAILABILITY = YES_AGGRESSIVE;
				CLANG_WARN_UNREACHABLE_CODE = YES;
				CLANG_WARN__DUPLICATE_METHOD_MATCH = YES;
				COPY_PHASE_STRIP = NO;
				DEBUG_INFORMATION_FORMAT = dwarf;
				ENABLE_STRICT_OBJC_MSGSEND = YES;
				ENABLE_TESTABILITY = YES;
				GCC_C_LANGUAGE_STANDARD = gnu11;
				GCC_DYNAMIC_NO_PIC = NO;
				GCC_NO_COMMON_BLOCKS = YES;
				GCC_OPTIMIZATION_LEVEL = 0;
				GCC_PREPROCESSOR_DEFINITIONS = (
					"DEBUG=1",
					"$(inherited)",
				);
				GCC_WARN_64_TO_32_BIT_CONVERSION = YES;
				GCC_WARN_ABOUT_RETURN_TYPE = YES_ERROR;
				GCC_WARN_UNDECLARED_SELECTOR = YES;
				GCC_WARN_UNINITIALIZED_AUTOS = YES_AGGRESSIVE;
				GCC_WARN_UNUSED_FUNCTION = YES;
				GCC_WARN_UNUSED_VARIABLE = YES;
				IPHONEOS_DEPLOYMENT_TARGET = 15.5;
				MTL_ENABLE_DEBUG_INFO = INCLUDE_SOURCE;
				MTL_FAST_MATH = YES;
				ONLY_ACTIVE_ARCH = YES;
				SDKROOT = iphoneos;
				SWIFT_ACTIVE_COMPILATION_CONDITIONS = DEBUG;
				SWIFT_OPTIMIZATION_LEVEL = "-Onone";
			};
			name = Debug;
		};
		43FE56CD287D7B6A0002BB51 /* Release */ = {
			isa = XCBuildConfiguration;
			buildSettings = {
				ALWAYS_SEARCH_USER_PATHS = NO;
				CLANG_ANALYZER_NONNULL = YES;
				CLANG_ANALYZER_NUMBER_OBJECT_CONVERSION = YES_AGGRESSIVE;
				CLANG_CXX_LANGUAGE_STANDARD = "gnu++17";
				CLANG_ENABLE_MODULES = YES;
				CLANG_ENABLE_OBJC_ARC = YES;
				CLANG_ENABLE_OBJC_WEAK = YES;
				CLANG_WARN_BLOCK_CAPTURE_AUTORELEASING = YES;
				CLANG_WARN_BOOL_CONVERSION = YES;
				CLANG_WARN_COMMA = YES;
				CLANG_WARN_CONSTANT_CONVERSION = YES;
				CLANG_WARN_DEPRECATED_OBJC_IMPLEMENTATIONS = YES;
				CLANG_WARN_DIRECT_OBJC_ISA_USAGE = YES_ERROR;
				CLANG_WARN_DOCUMENTATION_COMMENTS = YES;
				CLANG_WARN_EMPTY_BODY = YES;
				CLANG_WARN_ENUM_CONVERSION = YES;
				CLANG_WARN_INFINITE_RECURSION = YES;
				CLANG_WARN_INT_CONVERSION = YES;
				CLANG_WARN_NON_LITERAL_NULL_CONVERSION = YES;
				CLANG_WARN_OBJC_IMPLICIT_RETAIN_SELF = YES;
				CLANG_WARN_OBJC_LITERAL_CONVERSION = YES;
				CLANG_WARN_OBJC_ROOT_CLASS = YES_ERROR;
				CLANG_WARN_QUOTED_INCLUDE_IN_FRAMEWORK_HEADER = YES;
				CLANG_WARN_RANGE_LOOP_ANALYSIS = YES;
				CLANG_WARN_STRICT_PROTOTYPES = YES;
				CLANG_WARN_SUSPICIOUS_MOVE = YES;
				CLANG_WARN_UNGUARDED_AVAILABILITY = YES_AGGRESSIVE;
				CLANG_WARN_UNREACHABLE_CODE = YES;
				CLANG_WARN__DUPLICATE_METHOD_MATCH = YES;
				COPY_PHASE_STRIP = NO;
				DEBUG_INFORMATION_FORMAT = "dwarf-with-dsym";
				ENABLE_NS_ASSERTIONS = NO;
				ENABLE_STRICT_OBJC_MSGSEND = YES;
				GCC_C_LANGUAGE_STANDARD = gnu11;
				GCC_NO_COMMON_BLOCKS = YES;
				GCC_WARN_64_TO_32_BIT_CONVERSION = YES;
				GCC_WARN_ABOUT_RETURN_TYPE = YES_ERROR;
				GCC_WARN_UNDECLARED_SELECTOR = YES;
				GCC_WARN_UNINITIALIZED_AUTOS = YES_AGGRESSIVE;
				GCC_WARN_UNUSED_FUNCTION = YES;
				GCC_WARN_UNUSED_VARIABLE = YES;
				IPHONEOS_DEPLOYMENT_TARGET = 15.5;
				MTL_ENABLE_DEBUG_INFO = NO;
				MTL_FAST_MATH = YES;
				SDKROOT = iphoneos;
				SWIFT_COMPILATION_MODE = wholemodule;
				SWIFT_OPTIMIZATION_LEVEL = "-O";
				VALIDATE_PRODUCT = YES;
			};
			name = Release;
		};
		43FE56CF287D7B6A0002BB51 /* Debug */ = {
			isa = XCBuildConfiguration;
			baseConfigurationReference = 76D49CF4C1272468405F0CBC /* Pods-Four Task.debug.xcconfig */;
			buildSettings = {
				ASSETCATALOG_COMPILER_APPICON_NAME = AppIcon;
				ASSETCATALOG_COMPILER_GLOBAL_ACCENT_COLOR_NAME = AccentColor;
				CODE_SIGN_STYLE = Automatic;
				CURRENT_PROJECT_VERSION = 1;
				DEVELOPMENT_TEAM = 5K6Q3VCR94;
				GENERATE_INFOPLIST_FILE = YES;
				INFOPLIST_FILE = "Four Task/Info.plist";
				INFOPLIST_KEY_UIApplicationSupportsIndirectInputEvents = YES;
				INFOPLIST_KEY_UILaunchStoryboardName = LaunchScreen;
				INFOPLIST_KEY_UIMainStoryboardFile = Main;
				INFOPLIST_KEY_UISupportedInterfaceOrientations_iPad = "UIInterfaceOrientationPortrait UIInterfaceOrientationPortraitUpsideDown UIInterfaceOrientationLandscapeLeft UIInterfaceOrientationLandscapeRight";
				INFOPLIST_KEY_UISupportedInterfaceOrientations_iPhone = "UIInterfaceOrientationPortrait UIInterfaceOrientationLandscapeLeft UIInterfaceOrientationLandscapeRight";
				LD_RUNPATH_SEARCH_PATHS = (
					"$(inherited)",
					"@executable_path/Frameworks",
				);
				MARKETING_VERSION = 1.0;
				PRODUCT_BUNDLE_IDENTIFIER = "Frinantelin.com.Four-Task";
				PRODUCT_NAME = "$(TARGET_NAME)";
				SWIFT_EMIT_LOC_STRINGS = YES;
				SWIFT_VERSION = 5.0;
				TARGETED_DEVICE_FAMILY = "1,2";
			};
			name = Debug;
		};
		43FE56D0287D7B6A0002BB51 /* Release */ = {
			isa = XCBuildConfiguration;
			baseConfigurationReference = 62B42ABE59963ED60577BFFE /* Pods-Four Task.release.xcconfig */;
			buildSettings = {
				ASSETCATALOG_COMPILER_APPICON_NAME = AppIcon;
				ASSETCATALOG_COMPILER_GLOBAL_ACCENT_COLOR_NAME = AccentColor;
				CODE_SIGN_STYLE = Automatic;
				CURRENT_PROJECT_VERSION = 1;
				DEVELOPMENT_TEAM = 5K6Q3VCR94;
				GENERATE_INFOPLIST_FILE = YES;
				INFOPLIST_FILE = "Four Task/Info.plist";
				INFOPLIST_KEY_UIApplicationSupportsIndirectInputEvents = YES;
				INFOPLIST_KEY_UILaunchStoryboardName = LaunchScreen;
				INFOPLIST_KEY_UIMainStoryboardFile = Main;
				INFOPLIST_KEY_UISupportedInterfaceOrientations_iPad = "UIInterfaceOrientationPortrait UIInterfaceOrientationPortraitUpsideDown UIInterfaceOrientationLandscapeLeft UIInterfaceOrientationLandscapeRight";
				INFOPLIST_KEY_UISupportedInterfaceOrientations_iPhone = "UIInterfaceOrientationPortrait UIInterfaceOrientationLandscapeLeft UIInterfaceOrientationLandscapeRight";
				LD_RUNPATH_SEARCH_PATHS = (
					"$(inherited)",
					"@executable_path/Frameworks",
				);
				MARKETING_VERSION = 1.0;
				PRODUCT_BUNDLE_IDENTIFIER = "Frinantelin.com.Four-Task";
				PRODUCT_NAME = "$(TARGET_NAME)";
				SWIFT_EMIT_LOC_STRINGS = YES;
				SWIFT_VERSION = 5.0;
				TARGETED_DEVICE_FAMILY = "1,2";
			};
			name = Release;
		};
/* End XCBuildConfiguration section */

/* Begin XCConfigurationList section */
		43FE56B5287D7B680002BB51 /* Build configuration list for PBXProject "Four Task" */ = {
			isa = XCConfigurationList;
			buildConfigurations = (
				43FE56CC287D7B6A0002BB51 /* Debug */,
				43FE56CD287D7B6A0002BB51 /* Release */,
			);
			defaultConfigurationIsVisible = 0;
			defaultConfigurationName = Release;
		};
		43FE56CE287D7B6A0002BB51 /* Build configuration list for PBXNativeTarget "Four Task" */ = {
			isa = XCConfigurationList;
			buildConfigurations = (
				43FE56CF287D7B6A0002BB51 /* Debug */,
				43FE56D0287D7B6A0002BB51 /* Release */,
			);
			defaultConfigurationIsVisible = 0;
			defaultConfigurationName = Release;
		};
/* End XCConfigurationList section */
	};
	rootObject = 43FE56B2287D7B680002BB51 /* Project object */;
}
